
Microsoft Visual Studio Solution File, Format Version 12.00
# Visual Studio 15
VisualStudioVersion = 15.0.27703.2042
MinimumVisualStudioVersion = 10.0.40219.1
Project("{FAE04EC0-301F-11D3-BF4B-00C04F79EFBC}") = "Import From Excel", "Import From Excel\Import From Excel.csproj", "{C2E4E1B9-6349-4105-B260-D90F33B88776}"
EndProject
Global
	GlobalSection(SolutionConfigurationPlatforms) = preSolution
		Debug|Any CPU = Debug|Any CPU
		Release|Any CPU = Release|Any CPU
	EndGlobalSection
	GlobalSection(ProjectConfigurationPlatforms) = postSolution
		{C2E4E1B9-6349-4105-B260-D90F33B88776}.Debug|Any CPU.ActiveCfg = Debug|Any CPU
		{C2E4E1B9-6349-4105-B260-D90F33B88776}.Debug|Any CPU.Build.0 = Debug|Any CPU
		{C2E4E1B9-6349-4105-B260-D90F33B88776}.Release|Any CPU.ActiveCfg = Release|Any CPU
		{C2E4E1B9-6349-4105-B260-D90F33B88776}.Release|Any CPU.Build.0 = Release|Any CPU
	EndGlobalSection
	GlobalSection(SolutionProperties) = preSolution
		HideSolutionNode = FALSE
	EndGlobalSection
	GlobalSection(ExtensibilityGlobals) = postSolution
		SolutionGuid = {0B65255B-D5E7-4691-9E4C-218BFFE4BE46}
	EndGlobalSection
EndGlobal
